<?xml version="1.0" encoding="utf-8"?>
<Project ToolsVersion="4.0" xmlns="http://schemas.microsoft.com/developer/msbuild/2003">
  <ItemGroup>
    <Filter Include="源文件">
      <UniqueIdentifier>{4FC737F1-C7A5-4376-A066-2A32D752A2FF}</UniqueIdentifier>
      <Extensions>cpp;c;cc;cxx;def;odl;idl;hpj;bat;asm;asmx</Extensions>
    </Filter>
    <Filter Include="头文件">
      <UniqueIdentifier>{93995380-89BD-4b04-88EB-625FBE52EBFB}</UniqueIdentifier>
      <Extensions>h;hh;hpp;hxx;hm;inl;inc;ipp;xsd</Extensions>
    </Filter>
    <Filter Include="资源文件">
      <UniqueIdentifier>{67DA6AB6-F800-4c08-8B7A-83BB121AAD01}</UniqueIdentifier>
      <Extensions>rc;ico;cur;bmp;dlg;rc2;rct;bin;rgs;gif;jpg;jpeg;jpe;resx;tiff;tif;png;wav;mfcribbon-ms</Extensions>
    </Filter>
    <Filter Include="头文件\archive">
      <UniqueIdentifier>{645fb9e8-7aa6-4371-9d4e-3debcaf05a47}</UniqueIdentifier>
    </Filter>
    <Filter Include="头文件\buildfile">
      <UniqueIdentifier>{8bc8c88c-7225-4887-8cdd-e5fd3b277d0d}</UniqueIdentifier>
    </Filter>
    <Filter Include="头文件\compressor">
      <UniqueIdentifier>{aa21c7c6-da62-4413-a187-ffbba48c9564}</UniqueIdentifier>
    </Filter>
    <Filter Include="头文件\encoding">
      <UniqueIdentifier>{be164224-56bf-45f5-aa09-2ebc77726b9d}</UniqueIdentifier>
    </Filter>
    <Filter Include="头文件\exceptions">
      <UniqueIdentifier>{98d7fa56-f063-40f2-a39f-f1b7710fb6b9}</UniqueIdentifier>
    </Filter>
    <Filter Include="头文件\helper">
      <UniqueIdentifier>{7a57460c-6607-4e8a-9cdd-3e2fbfc12eca}</UniqueIdentifier>
    </Filter>
    <Filter Include="头文件\stream">
      <UniqueIdentifier>{de6e2251-d65d-490e-a285-d82f3fd96c7c}</UniqueIdentifier>
    </Filter>
    <Filter Include="头文件\ThreadPool">
      <UniqueIdentifier>{52acc0b4-97dd-4649-b369-b97abb1d9a1b}</UniqueIdentifier>
    </Filter>
    <Filter Include="头文件\zopfli">
      <UniqueIdentifier>{761e720e-5d48-4bc7-b011-323ac6a2b3ba}</UniqueIdentifier>
    </Filter>
    <Filter Include="源文件\archive">
      <UniqueIdentifier>{6093ad1a-c776-40b3-a240-a042c331c24f}</UniqueIdentifier>
    </Filter>
    <Filter Include="源文件\buildfile">
      <UniqueIdentifier>{f008c45c-4d75-4157-845d-3c454a2853f0}</UniqueIdentifier>
    </Filter>
    <Filter Include="源文件\compressor">
      <UniqueIdentifier>{0e4a15ee-9953-4e3a-a08a-6b4586215ba9}</UniqueIdentifier>
    </Filter>
    <Filter Include="源文件\encoding">
      <UniqueIdentifier>{ed89c28d-3e3f-4b22-9114-f253fff404d3}</UniqueIdentifier>
    </Filter>
    <Filter Include="源文件\exceptions">
      <UniqueIdentifier>{ee0ab341-79d0-4a7b-8d26-dd35bc94395d}</UniqueIdentifier>
    </Filter>
    <Filter Include="源文件\helper">
      <UniqueIdentifier>{d91199b8-64ef-42f9-84a8-206d7f96dd62}</UniqueIdentifier>
    </Filter>
    <Filter Include="源文件\stream">
      <UniqueIdentifier>{1f87dba0-5078-4a62-bef5-853956fc6033}</UniqueIdentifier>
    </Filter>
    <Filter Include="源文件\zopfli">
      <UniqueIdentifier>{99d27df4-6c7a-43b4-a525-705befe112b4}</UniqueIdentifier>
    </Filter>
  </ItemGroup>
  <ItemGroup>
    <ClInclude Include="archive\archive.h">
      <Filter>头文件\archive</Filter>
    </ClInclude>
    <ClInclude Include="buildfile\buildfile.h">
      <Filter>头文件\buildfile</Filter>
    </ClInclude>
    <ClInclude Include="compressor\compressor.h">
      <Filter>头文件\compressor</Filter>
    </ClInclude>
    <ClInclude Include="encoding\encoding.h">
      <Filter>头文件\encoding</Filter>
    </ClInclude>
    <ClInclude Include="exceptions\exceptions.h">
      <Filter>头文件\exceptions</Filter>
    </ClInclude>
    <ClInclude Include="helper\helper.h">
      <Filter>头文件\helper</Filter>
    </ClInclude>
    <ClInclude Include="zopfli\src\zopfli\blocksplitter.h">
      <Filter>头文件\zopfli</Filter>
    </ClInclude>
    <ClInclude Include="zopfli\src\zopfli\cache.h">
      <Filter>头文件\zopfli</Filter>
    </ClInclude>
    <ClInclude Include="zopfli\src\zopfli\deflate.h">
      <Filter>头文件\zopfli</Filter>
    </ClInclude>
    <ClInclude Include="zopfli\src\zopfli\gzip_container.h">
      <Filter>头文件\zopfli</Filter>
    </ClInclude>
    <ClInclude Include="zopfli\src\zopfli\hash.h">
      <Filter>头文件\zopfli</Filter>
    </ClInclude>
    <ClInclude Include="zopfli\src\zopfli\katajainen.h">
      <Filter>头文件\zopfli</Filter>
    </ClInclude>
    <ClInclude Include="zopfli\src\zopfli\lz77.h">
      <Filter>头文件\zopfli</Filter>
    </ClInclude>
    <ClInclude Include="zopfli\src\zopfli\squeeze.h">
      <Filter>头文件\zopfli</Filter>
    </ClInclude>
    <ClInclude Include="zopfli\src\zopfli\symbols.h">
      <Filter>头文件\zopfli</Filter>
    </ClInclude>
    <ClInclude Include="zopfli\src\zopfli\tree.h">
      <Filter>头文件\zopfli</Filter>
    </ClInclude>
    <ClInclude Include="zopfli\src\zopfli\util.h">
      <Filter>头文件\zopfli</Filter>
    </ClInclude>
    <ClInclude Include="zopfli\src\zopfli\zlib_container.h">
      <Filter>头文件\zopfli</Filter>
    </ClInclude>
    <ClInclude Include="zopfli\src\zopfli\zopfli.h">
      <Filter>头文件\zopfli</Filter>
    </ClInclude>
    <ClInclude Include="stream\cipher.h">
      <Filter>头文件\stream</Filter>
    </ClInclude>
    <ClInclude Include="stream\cipherstream.h">
      <Filter>头文件\stream</Filter>
    </ClInclude>
    <ClInclude Include="stream\filestream.h">
      <Filter>头文件\stream</Filter>
    </ClInclude>
    <ClInclude Include="stream\memmapfilestream.h">
      <Filter>头文件\stream</Filter>
    </ClInclude>
    <ClInclude Include="core.h">
      <Filter>头文件</Filter>
    </ClInclude>
    <ClInclude Include="LoneWolfArchiver.h">
      <Filter>头文件</Filter>
    </ClInclude>
    <ClInclude Include="export.h">
      <Filter>头文件</Filter>
    </ClInclude>
    <ClInclude Include="ThreadPool\ThreadPool.h">
      <Filter>头文件\ThreadPool</Filter>
    </ClInclude>
  </ItemGroup>
  <ItemGroup>
    <ClCompile Include="archive\archive.cpp">
      <Filter>源文件\archive</Filter>
    </ClCompile>
    <ClCompile Include="buildfile\genfile.cpp">
      <Filter>源文件\buildfile</Filter>
    </ClCompile>
    <ClCompile Include="buildfile\parsefile.cpp">
      <Filter>源文件\buildfile</Filter>
    </ClCompile>
    <ClCompile Include="buildfile\scanfiles.cpp">
      <Filter>源文件\buildfile</Filter>
    </ClCompile>
    <ClCompile Include="compressor\compressor.cpp">
      <Filter>源文件\compressor</Filter>
    </ClCompile>
    <ClCompile Include="encoding\encoding.cpp">
      <Filter>源文件\encoding</Filter>
    </ClCompile>
    <ClCompile Include="exceptions\exceptions.cpp">
      <Filter>源文件\exceptions</Filter>
    </ClCompile>
    <ClCompile Include="helper\helper.cpp">
      <Filter>源文件\helper</Filter>
    </ClCompile>
    <ClCompile Include="zopfli\src\zopfli\blocksplitter.c">
      <Filter>源文件\zopfli</Filter>
    </ClCompile>
    <ClCompile Include="zopfli\src\zopfli\cache.c">
      <Filter>源文件\zopfli</Filter>
    </ClCompile>
    <ClCompile Include="zopfli\src\zopfli\deflate.c">
      <Filter>源文件\zopfli</Filter>
    </ClCompile>
    <ClCompile Include="zopfli\src\zopfli\gzip_container.c">
      <Filter>源文件\zopfli</Filter>
    </ClCompile>
    <ClCompile Include="zopfli\src\zopfli\hash.c">
      <Filter>源文件\zopfli</Filter>
    </ClCompile>
    <ClCompile Include="zopfli\src\zopfli\katajainen.c">
      <Filter>源文件\zopfli</Filter>
    </ClCompile>
    <ClCompile Include="zopfli\src\zopfli\lz77.c">
      <Filter>源文件\zopfli</Filter>
    </ClCompile>
    <ClCompile Include="zopfli\src\zopfli\squeeze.c">
      <Filter>源文件\zopfli</Filter>
    </ClCompile>
    <ClCompile Include="zopfli\src\zopfli\tree.c">
      <Filter>源文件\zopfli</Filter>
    </ClCompile>
    <ClCompile Include="zopfli\src\zopfli\util.c">
      <Filter>源文件\zopfli</Filter>
    </ClCompile>
    <ClCompile Include="zopfli\src\zopfli\zlib_container.c">
      <Filter>源文件\zopfli</Filter>
    </ClCompile>
    <ClCompile Include="zopfli\src\zopfli\zopfli_bin.c">
      <Filter>源文件\zopfli</Filter>
    </ClCompile>
    <ClCompile Include="zopfli\src\zopfli\zopfli_lib.c">
      <Filter>源文件\zopfli</Filter>
    </ClCompile>
    <ClCompile Include="stream\cipher.cpp">
      <Filter>源文件\stream</Filter>
    </ClCompile>
    <ClCompile Include="stream\cipherstream.cpp">
      <Filter>源文件\stream</Filter>
    </ClCompile>
    <ClCompile Include="stream\filestream.cpp">
      <Filter>源文件\stream</Filter>
    </ClCompile>
    <ClCompile Include="stream\memmapfilestream.cpp">
      <Filter>源文件\stream</Filter>
    </ClCompile>
    <ClCompile Include="core.cpp">
      <Filter>源文件</Filter>
    </ClCompile>
    <ClCompile Include="LoneWolfArchiver.cpp">
      <Filter>源文件</Filter>
    </ClCompile>
    <ClCompile Include="export.cpp">
      <Filter>源文件</Filter>
    </ClCompile>
  </ItemGroup>
</Project>